// !$*UTF8*$!
{
	archiveVersion = 1;
	classes = {
	};
	objectVersion = 46;
	objects = {

/* Begin PBXAggregateTarget section */
		"CommandLine::CommandLine::ProductTarget" /* CommandLine */ = {
			isa = PBXAggregateTarget;
			buildConfigurationList = OBJ_163 /* Build configuration list for PBXAggregateTarget "CommandLine" */;
			buildPhases = (
			);
			dependencies = (
				OBJ_166 /* PBXTargetDependency */,
			);
			name = CommandLine;
			productName = CommandLine;
		};
/* End PBXAggregateTarget section */

/* Begin PBXBuildFile section */
		A664C73A1F45733300D1DC22 /* FileSearchRule.swift in Sources */ = {isa = PBXBuildFile; fileRef = A664C7391F45733300D1DC22 /* FileSearchRule.swift */; };
		A664C73D1F45741700D1DC22 /* Extensions+String.swift in Sources */ = {isa = PBXBuildFile; fileRef = A664C73C1F45741700D1DC22 /* Extensions+String.swift */; };
		A664C73F1F457B7A00D1DC22 /* Extensions+Int.swift in Sources */ = {isa = PBXBuildFile; fileRef = A664C73E1F457B7A00D1DC22 /* Extensions+Int.swift */; };
		A664C7411F457DA800D1DC22 /* LocalFileFindProcess.swift in Sources */ = {isa = PBXBuildFile; fileRef = A664C7401F457DA800D1DC22 /* LocalFileFindProcess.swift */; };
		A664C7431F4580A500D1DC22 /* Extensions+PathKit.swift in Sources */ = {isa = PBXBuildFile; fileRef = A664C7421F4580A500D1DC22 /* Extensions+PathKit.swift */; };
		A664C7451F4580D600D1DC22 /* Models.swift in Sources */ = {isa = PBXBuildFile; fileRef = A664C7441F4580D600D1DC22 /* Models.swift */; };
		A664C7471F467CC400D1DC22 /* Extensions+Dictionary.swift in Sources */ = {isa = PBXBuildFile; fileRef = A664C7461F467CC400D1DC22 /* Extensions+Dictionary.swift */; };
		OBJ_109 /* CommandLine.swift in Sources */ = {isa = PBXBuildFile; fileRef = OBJ_42 /* CommandLine.swift */; };
		OBJ_110 /* Option.swift in Sources */ = {isa = PBXBuildFile; fileRef = OBJ_43 /* Option.swift */; };
		OBJ_111 /* StringExtensions.swift in Sources */ = {isa = PBXBuildFile; fileRef = OBJ_44 /* StringExtensions.swift */; };
		OBJ_117 /* AmazingSpiderKit.swift in Sources */ = {isa = PBXBuildFile; fileRef = OBJ_9 /* AmazingSpiderKit.swift */; };
		OBJ_119 /* PathKit.framework in Frameworks */ = {isa = PBXBuildFile; fileRef = "PathKit::PathKit::Product" /* PathKit.framework */; };
		OBJ_120 /* Spectre.framework in Frameworks */ = {isa = PBXBuildFile; fileRef = "Spectre::Spectre::Product" /* Spectre.framework */; };
		OBJ_121 /* Rainbow.framework in Frameworks */ = {isa = PBXBuildFile; fileRef = "Rainbow::Rainbow::Product" /* Rainbow.framework */; };
		OBJ_129 /* PathKit.swift in Sources */ = {isa = PBXBuildFile; fileRef = OBJ_16 /* PathKit.swift */; };
		OBJ_131 /* Spectre.framework in Frameworks */ = {isa = PBXBuildFile; fileRef = "Spectre::Spectre::Product" /* Spectre.framework */; };
		OBJ_137 /* Case.swift in Sources */ = {isa = PBXBuildFile; fileRef = OBJ_19 /* Case.swift */; };
		OBJ_138 /* Context.swift in Sources */ = {isa = PBXBuildFile; fileRef = OBJ_20 /* Context.swift */; };
		OBJ_139 /* Expectation.swift in Sources */ = {isa = PBXBuildFile; fileRef = OBJ_21 /* Expectation.swift */; };
		OBJ_140 /* Failure.swift in Sources */ = {isa = PBXBuildFile; fileRef = OBJ_22 /* Failure.swift */; };
		OBJ_141 /* Global.swift in Sources */ = {isa = PBXBuildFile; fileRef = OBJ_23 /* Global.swift */; };
		OBJ_142 /* GlobalContext.swift in Sources */ = {isa = PBXBuildFile; fileRef = OBJ_24 /* GlobalContext.swift */; };
		OBJ_143 /* Reporter.swift in Sources */ = {isa = PBXBuildFile; fileRef = OBJ_25 /* Reporter.swift */; };
		OBJ_144 /* Reporters.swift in Sources */ = {isa = PBXBuildFile; fileRef = OBJ_26 /* Reporters.swift */; };
		OBJ_150 /* BackgroundColor.swift in Sources */ = {isa = PBXBuildFile; fileRef = OBJ_29 /* BackgroundColor.swift */; };
		OBJ_151 /* CodesParser.swift in Sources */ = {isa = PBXBuildFile; fileRef = OBJ_30 /* CodesParser.swift */; };
		OBJ_152 /* Color.swift in Sources */ = {isa = PBXBuildFile; fileRef = OBJ_31 /* Color.swift */; };
		OBJ_153 /* ControlCode.swift in Sources */ = {isa = PBXBuildFile; fileRef = OBJ_32 /* ControlCode.swift */; };
		OBJ_154 /* ModesExtractor.swift in Sources */ = {isa = PBXBuildFile; fileRef = OBJ_33 /* ModesExtractor.swift */; };
		OBJ_155 /* OutputTarget.swift in Sources */ = {isa = PBXBuildFile; fileRef = OBJ_34 /* OutputTarget.swift */; };
		OBJ_156 /* Rainbow.swift in Sources */ = {isa = PBXBuildFile; fileRef = OBJ_35 /* Rainbow.swift */; };
		OBJ_157 /* String+Rainbow.swift in Sources */ = {isa = PBXBuildFile; fileRef = OBJ_36 /* String+Rainbow.swift */; };
		OBJ_158 /* StringGenerator.swift in Sources */ = {isa = PBXBuildFile; fileRef = OBJ_37 /* StringGenerator.swift */; };
		OBJ_159 /* Style.swift in Sources */ = {isa = PBXBuildFile; fileRef = OBJ_38 /* Style.swift */; };
		OBJ_160 /* XcodeColorsSupport.swift in Sources */ = {isa = PBXBuildFile; fileRef = OBJ_39 /* XcodeColorsSupport.swift */; };
		OBJ_58 /* Package.swift in Sources */ = {isa = PBXBuildFile; fileRef = OBJ_6 /* Package.swift */; };
		OBJ_64 /* Package.swift in Sources */ = {isa = PBXBuildFile; fileRef = OBJ_15 /* Package.swift */; };
		OBJ_70 /* Package.swift in Sources */ = {isa = PBXBuildFile; fileRef = OBJ_18 /* Package.swift */; };
		OBJ_76 /* Package.swift in Sources */ = {isa = PBXBuildFile; fileRef = OBJ_28 /* Package.swift */; };
		OBJ_82 /* Package.swift in Sources */ = {isa = PBXBuildFile; fileRef = OBJ_45 /* Package.swift */; };
		OBJ_88 /* main.swift in Sources */ = {isa = PBXBuildFile; fileRef = OBJ_11 /* main.swift */; };
		OBJ_90 /* CommandLineKit.framework in Frameworks */ = {isa = PBXBuildFile; fileRef = "CommandLine::CommandLineKit::Product" /* CommandLineKit.framework */; };
		OBJ_91 /* AmazingSpiderKit.framework in Frameworks */ = {isa = PBXBuildFile; fileRef = "AmazingSpider::AmazingSpiderKit::Product" /* AmazingSpiderKit.framework */; };
		OBJ_92 /* PathKit.framework in Frameworks */ = {isa = PBXBuildFile; fileRef = "PathKit::PathKit::Product" /* PathKit.framework */; };
		OBJ_93 /* Spectre.framework in Frameworks */ = {isa = PBXBuildFile; fileRef = "Spectre::Spectre::Product" /* Spectre.framework */; };
		OBJ_94 /* Rainbow.framework in Frameworks */ = {isa = PBXBuildFile; fileRef = "Rainbow::Rainbow::Product" /* Rainbow.framework */; };
/* End PBXBuildFile section */

/* Begin PBXContainerItemProxy section */
		A664C72F1F456EF400D1DC22 /* PBXContainerItemProxy */ = {
			isa = PBXContainerItemProxy;
			containerPortal = OBJ_1 /* Project object */;
			proxyType = 1;
			remoteGlobalIDString = "CommandLine::CommandLineKit";
			remoteInfo = CommandLineKit;
		};
		A664C7301F456EF400D1DC22 /* PBXContainerItemProxy */ = {
			isa = PBXContainerItemProxy;
			containerPortal = OBJ_1 /* Project object */;
			proxyType = 1;
			remoteGlobalIDString = "AmazingSpider::AmazingSpiderKit";
			remoteInfo = AmazingSpiderKit;
		};
		A664C7311F456EF400D1DC22 /* PBXContainerItemProxy */ = {
			isa = PBXContainerItemProxy;
			containerPortal = OBJ_1 /* Project object */;
			proxyType = 1;
			remoteGlobalIDString = "PathKit::PathKit";
			remoteInfo = PathKit;
		};
		A664C7321F456EF400D1DC22 /* PBXContainerItemProxy */ = {
			isa = PBXContainerItemProxy;
			containerPortal = OBJ_1 /* Project object */;
			proxyType = 1;
			remoteGlobalIDString = "Spectre::Spectre";
			remoteInfo = Spectre;
		};
		A664C7331F456EF400D1DC22 /* PBXContainerItemProxy */ = {
			isa = PBXContainerItemProxy;
			containerPortal = OBJ_1 /* Project object */;
			proxyType = 1;
			remoteGlobalIDString = "Spectre::Spectre";
			remoteInfo = Spectre;
		};
		A664C7341F456EF400D1DC22 /* PBXContainerItemProxy */ = {
			isa = PBXContainerItemProxy;
			containerPortal = OBJ_1 /* Project object */;
			proxyType = 1;
			remoteGlobalIDString = "Rainbow::Rainbow";
			remoteInfo = Rainbow;
		};
		A664C7351F456EF400D1DC22 /* PBXContainerItemProxy */ = {
			isa = PBXContainerItemProxy;
			containerPortal = OBJ_1 /* Project object */;
			proxyType = 1;
			remoteGlobalIDString = "PathKit::PathKit";
			remoteInfo = PathKit;
		};
		A664C7361F456EF400D1DC22 /* PBXContainerItemProxy */ = {
			isa = PBXContainerItemProxy;
			containerPortal = OBJ_1 /* Project object */;
			proxyType = 1;
			remoteGlobalIDString = "Spectre::Spectre";
			remoteInfo = Spectre;
		};
		A664C7371F456EF400D1DC22 /* PBXContainerItemProxy */ = {
			isa = PBXContainerItemProxy;
			containerPortal = OBJ_1 /* Project object */;
			proxyType = 1;
			remoteGlobalIDString = "Rainbow::Rainbow";
			remoteInfo = Rainbow;
		};
		A664C7381F456EF400D1DC22 /* PBXContainerItemProxy */ = {
			isa = PBXContainerItemProxy;
			containerPortal = OBJ_1 /* Project object */;
			proxyType = 1;
			remoteGlobalIDString = "CommandLine::CommandLineKit";
			remoteInfo = CommandLineKit;
		};
/* End PBXContainerItemProxy section */

/* Begin PBXFileReference section */
		A664C7391F45733300D1DC22 /* FileSearchRule.swift */ = {isa = PBXFileReference; lastKnownFileType = sourcecode.swift; path = FileSearchRule.swift; sourceTree = "<group>"; };
		A664C73C1F45741700D1DC22 /* Extensions+String.swift */ = {isa = PBXFileReference; lastKnownFileType = sourcecode.swift; name = "Extensions+String.swift"; path = "Sources/AmazingSpiderKit/Extensions+String.swift"; sourceTree = SOURCE_ROOT; };
		A664C73E1F457B7A00D1DC22 /* Extensions+Int.swift */ = {isa = PBXFileReference; lastKnownFileType = sourcecode.swift; name = "Extensions+Int.swift"; path = "Sources/AmazingSpiderKit/Extensions+Int.swift"; sourceTree = SOURCE_ROOT; };
		A664C7401F457DA800D1DC22 /* LocalFileFindProcess.swift */ = {isa = PBXFileReference; lastKnownFileType = sourcecode.swift; path = LocalFileFindProcess.swift; sourceTree = "<group>"; };
		A664C7421F4580A500D1DC22 /* Extensions+PathKit.swift */ = {isa = PBXFileReference; lastKnownFileType = sourcecode.swift; name = "Extensions+PathKit.swift"; path = "Sources/AmazingSpiderKit/Extensions+PathKit.swift"; sourceTree = SOURCE_ROOT; };
		A664C7441F4580D600D1DC22 /* Models.swift */ = {isa = PBXFileReference; lastKnownFileType = sourcecode.swift; path = Models.swift; sourceTree = "<group>"; };
		A664C7461F467CC400D1DC22 /* Extensions+Dictionary.swift */ = {isa = PBXFileReference; lastKnownFileType = sourcecode.swift; name = "Extensions+Dictionary.swift"; path = "Sources/AmazingSpiderKit/Extensions+Dictionary.swift"; sourceTree = SOURCE_ROOT; };
		"AmazingSpider::AmazingSpider::Product" /* AmazingSpider */ = {isa = PBXFileReference; lastKnownFileType = text; path = AmazingSpider; sourceTree = BUILT_PRODUCTS_DIR; };
		"AmazingSpider::AmazingSpiderKit::Product" /* AmazingSpiderKit.framework */ = {isa = PBXFileReference; explicitFileType = wrapper.framework; path = AmazingSpiderKit.framework; sourceTree = BUILT_PRODUCTS_DIR; };
		"CommandLine::CommandLineKit::Product" /* CommandLineKit.framework */ = {isa = PBXFileReference; explicitFileType = wrapper.framework; path = CommandLineKit.framework; sourceTree = BUILT_PRODUCTS_DIR; };
		OBJ_11 /* main.swift */ = {isa = PBXFileReference; lastKnownFileType = sourcecode.swift; path = main.swift; sourceTree = "<group>"; };
		OBJ_15 /* Package.swift */ = {isa = PBXFileReference; explicitFileType = sourcecode.swift; name = Package.swift; path = "/Users/David_Woo/Workspaces/AmazingSpider/.build/checkouts/PathKit--9185519632264250829/Package.swift"; sourceTree = "<group>"; };
		OBJ_16 /* PathKit.swift */ = {isa = PBXFileReference; lastKnownFileType = sourcecode.swift; path = PathKit.swift; sourceTree = "<group>"; };
		OBJ_18 /* Package.swift */ = {isa = PBXFileReference; explicitFileType = sourcecode.swift; name = Package.swift; path = "/Users/David_Woo/Workspaces/AmazingSpider/.build/checkouts/Spectre.git--7655155069707042687/Package.swift"; sourceTree = "<group>"; };
		OBJ_19 /* Case.swift */ = {isa = PBXFileReference; lastKnownFileType = sourcecode.swift; path = Case.swift; sourceTree = "<group>"; };
		OBJ_20 /* Context.swift */ = {isa = PBXFileReference; lastKnownFileType = sourcecode.swift; path = Context.swift; sourceTree = "<group>"; };
		OBJ_21 /* Expectation.swift */ = {isa = PBXFileReference; lastKnownFileType = sourcecode.swift; path = Expectation.swift; sourceTree = "<group>"; };
		OBJ_22 /* Failure.swift */ = {isa = PBXFileReference; lastKnownFileType = sourcecode.swift; path = Failure.swift; sourceTree = "<group>"; };
		OBJ_23 /* Global.swift */ = {isa = PBXFileReference; lastKnownFileType = sourcecode.swift; path = Global.swift; sourceTree = "<group>"; };
		OBJ_24 /* GlobalContext.swift */ = {isa = PBXFileReference; lastKnownFileType = sourcecode.swift; path = GlobalContext.swift; sourceTree = "<group>"; };
		OBJ_25 /* Reporter.swift */ = {isa = PBXFileReference; lastKnownFileType = sourcecode.swift; path = Reporter.swift; sourceTree = "<group>"; };
		OBJ_26 /* Reporters.swift */ = {isa = PBXFileReference; lastKnownFileType = sourcecode.swift; path = Reporters.swift; sourceTree = "<group>"; };
		OBJ_28 /* Package.swift */ = {isa = PBXFileReference; explicitFileType = sourcecode.swift; name = Package.swift; path = "/Users/David_Woo/Workspaces/AmazingSpider/.build/checkouts/Rainbow-4833422609927903952/Package.swift"; sourceTree = "<group>"; };
		OBJ_29 /* BackgroundColor.swift */ = {isa = PBXFileReference; lastKnownFileType = sourcecode.swift; path = BackgroundColor.swift; sourceTree = "<group>"; };
		OBJ_30 /* CodesParser.swift */ = {isa = PBXFileReference; lastKnownFileType = sourcecode.swift; path = CodesParser.swift; sourceTree = "<group>"; };
		OBJ_31 /* Color.swift */ = {isa = PBXFileReference; lastKnownFileType = sourcecode.swift; path = Color.swift; sourceTree = "<group>"; };
		OBJ_32 /* ControlCode.swift */ = {isa = PBXFileReference; lastKnownFileType = sourcecode.swift; path = ControlCode.swift; sourceTree = "<group>"; };
		OBJ_33 /* ModesExtractor.swift */ = {isa = PBXFileReference; lastKnownFileType = sourcecode.swift; path = ModesExtractor.swift; sourceTree = "<group>"; };
		OBJ_34 /* OutputTarget.swift */ = {isa = PBXFileReference; lastKnownFileType = sourcecode.swift; path = OutputTarget.swift; sourceTree = "<group>"; };
		OBJ_35 /* Rainbow.swift */ = {isa = PBXFileReference; lastKnownFileType = sourcecode.swift; path = Rainbow.swift; sourceTree = "<group>"; };
		OBJ_36 /* String+Rainbow.swift */ = {isa = PBXFileReference; lastKnownFileType = sourcecode.swift; path = "String+Rainbow.swift"; sourceTree = "<group>"; };
		OBJ_37 /* StringGenerator.swift */ = {isa = PBXFileReference; lastKnownFileType = sourcecode.swift; path = StringGenerator.swift; sourceTree = "<group>"; };
		OBJ_38 /* Style.swift */ = {isa = PBXFileReference; lastKnownFileType = sourcecode.swift; path = Style.swift; sourceTree = "<group>"; };
		OBJ_39 /* XcodeColorsSupport.swift */ = {isa = PBXFileReference; lastKnownFileType = sourcecode.swift; path = XcodeColorsSupport.swift; sourceTree = "<group>"; };
		OBJ_42 /* CommandLine.swift */ = {isa = PBXFileReference; lastKnownFileType = sourcecode.swift; path = CommandLine.swift; sourceTree = "<group>"; };
		OBJ_43 /* Option.swift */ = {isa = PBXFileReference; lastKnownFileType = sourcecode.swift; path = Option.swift; sourceTree = "<group>"; };
		OBJ_44 /* StringExtensions.swift */ = {isa = PBXFileReference; lastKnownFileType = sourcecode.swift; path = StringExtensions.swift; sourceTree = "<group>"; };
		OBJ_45 /* Package.swift */ = {isa = PBXFileReference; explicitFileType = sourcecode.swift; name = Package.swift; path = "/Users/David_Woo/Workspaces/AmazingSpider/.build/checkouts/CommandLine-2650396103741080200/Package.swift"; sourceTree = "<group>"; };
		OBJ_6 /* Package.swift */ = {isa = PBXFileReference; explicitFileType = sourcecode.swift; path = Package.swift; sourceTree = "<group>"; };
		OBJ_9 /* AmazingSpiderKit.swift */ = {isa = PBXFileReference; lastKnownFileType = sourcecode.swift; path = AmazingSpiderKit.swift; sourceTree = "<group>"; };
		"PathKit::PathKit::Product" /* PathKit.framework */ = {isa = PBXFileReference; explicitFileType = wrapper.framework; path = PathKit.framework; sourceTree = BUILT_PRODUCTS_DIR; };
		"Rainbow::Rainbow::Product" /* Rainbow.framework */ = {isa = PBXFileReference; explicitFileType = wrapper.framework; path = Rainbow.framework; sourceTree = BUILT_PRODUCTS_DIR; };
		"Spectre::Spectre::Product" /* Spectre.framework */ = {isa = PBXFileReference; explicitFileType = wrapper.framework; path = Spectre.framework; sourceTree = BUILT_PRODUCTS_DIR; };
/* End PBXFileReference section */

/* Begin PBXFrameworksBuildPhase section */
		OBJ_112 /* Frameworks */ = {
			isa = PBXFrameworksBuildPhase;
			buildActionMask = 0;
			files = (
			);
			runOnlyForDeploymentPostprocessing = 0;
		};
		OBJ_118 /* Frameworks */ = {
			isa = PBXFrameworksBuildPhase;
			buildActionMask = 0;
			files = (
				OBJ_119 /* PathKit.framework in Frameworks */,
				OBJ_120 /* Spectre.framework in Frameworks */,
				OBJ_121 /* Rainbow.framework in Frameworks */,
			);
			runOnlyForDeploymentPostprocessing = 0;
		};
		OBJ_130 /* Frameworks */ = {
			isa = PBXFrameworksBuildPhase;
			buildActionMask = 0;
			files = (
				OBJ_131 /* Spectre.framework in Frameworks */,
			);
			runOnlyForDeploymentPostprocessing = 0;
		};
		OBJ_145 /* Frameworks */ = {
			isa = PBXFrameworksBuildPhase;
			buildActionMask = 0;
			files = (
			);
			runOnlyForDeploymentPostprocessing = 0;
		};
		OBJ_161 /* Frameworks */ = {
			isa = PBXFrameworksBuildPhase;
			buildActionMask = 0;
			files = (
			);
			runOnlyForDeploymentPostprocessing = 0;
		};
		OBJ_89 /* Frameworks */ = {
			isa = PBXFrameworksBuildPhase;
			buildActionMask = 0;
			files = (
				OBJ_90 /* CommandLineKit.framework in Frameworks */,
				OBJ_91 /* AmazingSpiderKit.framework in Frameworks */,
				OBJ_92 /* PathKit.framework in Frameworks */,
				OBJ_93 /* Spectre.framework in Frameworks */,
				OBJ_94 /* Rainbow.framework in Frameworks */,
			);
			runOnlyForDeploymentPostprocessing = 0;
		};
/* End PBXFrameworksBuildPhase section */

/* Begin PBXGroup section */
		A664C73B1F45740100D1DC22 /* Extensions */ = {
			isa = PBXGroup;
			children = (
				A664C73C1F45741700D1DC22 /* Extensions+String.swift */,
				A664C73E1F457B7A00D1DC22 /* Extensions+Int.swift */,
				A664C7421F4580A500D1DC22 /* Extensions+PathKit.swift */,
				A664C7461F467CC400D1DC22 /* Extensions+Dictionary.swift */,
			);
			path = Extensions;
			sourceTree = SOURCE_ROOT;
		};
		OBJ_10 /* AmazingSpider */ = {
			isa = PBXGroup;
			children = (
				OBJ_11 /* main.swift */,
			);
			name = AmazingSpider;
			path = Sources/AmazingSpider;
			sourceTree = SOURCE_ROOT;
		};
		OBJ_12 /* Tests */ = {
			isa = PBXGroup;
			children = (
			);
			name = Tests;
			sourceTree = SOURCE_ROOT;
		};
		OBJ_13 /* Dependencies */ = {
			isa = PBXGroup;
			children = (
				OBJ_14 /* PathKit 0.8.0 */,
				OBJ_17 /* Spectre 0.7.2 */,
				OBJ_27 /* Rainbow 2.1.0 */,
				OBJ_40 /* CommandLine 3.0.0-pre1 */,
			);
			name = Dependencies;
			sourceTree = "<group>";
		};
		OBJ_14 /* PathKit 0.8.0 */ = {
			isa = PBXGroup;
			children = (
				OBJ_15 /* Package.swift */,
				OBJ_16 /* PathKit.swift */,
			);
			name = "PathKit 0.8.0";
			path = ".build/checkouts/PathKit--9185519632264250829/Sources";
			sourceTree = SOURCE_ROOT;
		};
		OBJ_17 /* Spectre 0.7.2 */ = {
			isa = PBXGroup;
			children = (
				OBJ_18 /* Package.swift */,
				OBJ_19 /* Case.swift */,
				OBJ_20 /* Context.swift */,
				OBJ_21 /* Expectation.swift */,
				OBJ_22 /* Failure.swift */,
				OBJ_23 /* Global.swift */,
				OBJ_24 /* GlobalContext.swift */,
				OBJ_25 /* Reporter.swift */,
				OBJ_26 /* Reporters.swift */,
			);
			name = "Spectre 0.7.2";
			path = ".build/checkouts/Spectre.git--7655155069707042687/Sources";
			sourceTree = SOURCE_ROOT;
		};
		OBJ_27 /* Rainbow 2.1.0 */ = {
			isa = PBXGroup;
			children = (
				OBJ_28 /* Package.swift */,
				OBJ_29 /* BackgroundColor.swift */,
				OBJ_30 /* CodesParser.swift */,
				OBJ_31 /* Color.swift */,
				OBJ_32 /* ControlCode.swift */,
				OBJ_33 /* ModesExtractor.swift */,
				OBJ_34 /* OutputTarget.swift */,
				OBJ_35 /* Rainbow.swift */,
				OBJ_36 /* String+Rainbow.swift */,
				OBJ_37 /* StringGenerator.swift */,
				OBJ_38 /* Style.swift */,
				OBJ_39 /* XcodeColorsSupport.swift */,
			);
			name = "Rainbow 2.1.0";
			path = ".build/checkouts/Rainbow-4833422609927903952/Sources";
			sourceTree = SOURCE_ROOT;
		};
		OBJ_40 /* CommandLine 3.0.0-pre1 */ = {
			isa = PBXGroup;
			children = (
				OBJ_41 /* CommandLineKit */,
				OBJ_45 /* Package.swift */,
			);
			name = "CommandLine 3.0.0-pre1";
			sourceTree = SOURCE_ROOT;
		};
		OBJ_41 /* CommandLineKit */ = {
			isa = PBXGroup;
			children = (
				OBJ_42 /* CommandLine.swift */,
				OBJ_43 /* Option.swift */,
				OBJ_44 /* StringExtensions.swift */,
			);
			name = CommandLineKit;
			path = ".build/checkouts/CommandLine-2650396103741080200/CommandLineKit";
			sourceTree = SOURCE_ROOT;
		};
		OBJ_46 /* Products */ = {
			isa = PBXGroup;
			children = (
				"AmazingSpider::AmazingSpider::Product" /* AmazingSpider */,
				"CommandLine::CommandLineKit::Product" /* CommandLineKit.framework */,
				"AmazingSpider::AmazingSpiderKit::Product" /* AmazingSpiderKit.framework */,
				"PathKit::PathKit::Product" /* PathKit.framework */,
				"Spectre::Spectre::Product" /* Spectre.framework */,
				"Rainbow::Rainbow::Product" /* Rainbow.framework */,
			);
			name = Products;
			sourceTree = BUILT_PRODUCTS_DIR;
		};
		OBJ_5 /*  */ = {
			isa = PBXGroup;
			children = (
				OBJ_6 /* Package.swift */,
				OBJ_7 /* Sources */,
				OBJ_12 /* Tests */,
				OBJ_13 /* Dependencies */,
				OBJ_46 /* Products */,
			);
			name = "";
			sourceTree = "<group>";
		};
		OBJ_7 /* Sources */ = {
			isa = PBXGroup;
			children = (
				OBJ_8 /* AmazingSpiderKit */,
				OBJ_10 /* AmazingSpider */,
			);
			name = Sources;
			sourceTree = SOURCE_ROOT;
		};
		OBJ_8 /* AmazingSpiderKit */ = {
			isa = PBXGroup;
			children = (
				A664C73B1F45740100D1DC22 /* Extensions */,
				OBJ_9 /* AmazingSpiderKit.swift */,
				A664C7391F45733300D1DC22 /* FileSearchRule.swift */,
				A664C7401F457DA800D1DC22 /* LocalFileFindProcess.swift */,
				A664C7441F4580D600D1DC22 /* Models.swift */,
			);
			name = AmazingSpiderKit;
			path = Sources/AmazingSpiderKit;
			sourceTree = SOURCE_ROOT;
		};
/* End PBXGroup section */

/* Begin PBXNativeTarget section */
		"AmazingSpider::AmazingSpider" /* AmazingSpider */ = {
			isa = PBXNativeTarget;
			buildConfigurationList = OBJ_84 /* Build configuration list for PBXNativeTarget "AmazingSpider" */;
			buildPhases = (
				OBJ_87 /* Sources */,
				OBJ_89 /* Frameworks */,
			);
			buildRules = (
			);
			dependencies = (
				OBJ_95 /* PBXTargetDependency */,
				OBJ_97 /* PBXTargetDependency */,
				OBJ_99 /* PBXTargetDependency */,
				OBJ_101 /* PBXTargetDependency */,
				OBJ_103 /* PBXTargetDependency */,
			);
			name = AmazingSpider;
			productName = AmazingSpider;
			productReference = "AmazingSpider::AmazingSpider::Product" /* AmazingSpider */;
			productType = "com.apple.product-type.tool";
		};
		"AmazingSpider::AmazingSpiderKit" /* AmazingSpiderKit */ = {
			isa = PBXNativeTarget;
			buildConfigurationList = OBJ_113 /* Build configuration list for PBXNativeTarget "AmazingSpiderKit" */;
			buildPhases = (
				OBJ_116 /* Sources */,
				OBJ_118 /* Frameworks */,
			);
			buildRules = (
			);
			dependencies = (
				OBJ_122 /* PBXTargetDependency */,
				OBJ_123 /* PBXTargetDependency */,
				OBJ_124 /* PBXTargetDependency */,
			);
			name = AmazingSpiderKit;
			productName = AmazingSpiderKit;
			productReference = "AmazingSpider::AmazingSpiderKit::Product" /* AmazingSpiderKit.framework */;
			productType = "com.apple.product-type.framework";
		};
		"AmazingSpider::SwiftPMPackageDescription" /* AmazingSpiderPackageDescription */ = {
			isa = PBXNativeTarget;
			buildConfigurationList = OBJ_54 /* Build configuration list for PBXNativeTarget "AmazingSpiderPackageDescription" */;
			buildPhases = (
				OBJ_57 /* Sources */,
			);
			buildRules = (
			);
			dependencies = (
			);
			name = AmazingSpiderPackageDescription;
			productName = AmazingSpiderPackageDescription;
			productType = "com.apple.product-type.framework";
		};
		"CommandLine::CommandLineKit" /* CommandLineKit */ = {
			isa = PBXNativeTarget;
			buildConfigurationList = OBJ_105 /* Build configuration list for PBXNativeTarget "CommandLineKit" */;
			buildPhases = (
				OBJ_108 /* Sources */,
				OBJ_112 /* Frameworks */,
			);
			buildRules = (
			);
			dependencies = (
			);
			name = CommandLineKit;
			productName = CommandLineKit;
			productReference = "CommandLine::CommandLineKit::Product" /* CommandLineKit.framework */;
			productType = "com.apple.product-type.framework";
		};
		"CommandLine::SwiftPMPackageDescription" /* CommandLinePackageDescription */ = {
			isa = PBXNativeTarget;
			buildConfigurationList = OBJ_78 /* Build configuration list for PBXNativeTarget "CommandLinePackageDescription" */;
			buildPhases = (
				OBJ_81 /* Sources */,
			);
			buildRules = (
			);
			dependencies = (
			);
			name = CommandLinePackageDescription;
			productName = CommandLinePackageDescription;
			productType = "com.apple.product-type.framework";
		};
		"PathKit::PathKit" /* PathKit */ = {
			isa = PBXNativeTarget;
			buildConfigurationList = OBJ_125 /* Build configuration list for PBXNativeTarget "PathKit" */;
			buildPhases = (
				OBJ_128 /* Sources */,
				OBJ_130 /* Frameworks */,
			);
			buildRules = (
			);
			dependencies = (
				OBJ_132 /* PBXTargetDependency */,
			);
			name = PathKit;
			productName = PathKit;
			productReference = "PathKit::PathKit::Product" /* PathKit.framework */;
			productType = "com.apple.product-type.framework";
		};
		"PathKit::SwiftPMPackageDescription" /* PathKitPackageDescription */ = {
			isa = PBXNativeTarget;
			buildConfigurationList = OBJ_60 /* Build configuration list for PBXNativeTarget "PathKitPackageDescription" */;
			buildPhases = (
				OBJ_63 /* Sources */,
			);
			buildRules = (
			);
			dependencies = (
			);
			name = PathKitPackageDescription;
			productName = PathKitPackageDescription;
			productType = "com.apple.product-type.framework";
		};
		"Rainbow::Rainbow" /* Rainbow */ = {
			isa = PBXNativeTarget;
			buildConfigurationList = OBJ_146 /* Build configuration list for PBXNativeTarget "Rainbow" */;
			buildPhases = (
				OBJ_149 /* Sources */,
				OBJ_161 /* Frameworks */,
			);
			buildRules = (
			);
			dependencies = (
			);
			name = Rainbow;
			productName = Rainbow;
			productReference = "Rainbow::Rainbow::Product" /* Rainbow.framework */;
			productType = "com.apple.product-type.framework";
		};
		"Rainbow::SwiftPMPackageDescription" /* RainbowPackageDescription */ = {
			isa = PBXNativeTarget;
			buildConfigurationList = OBJ_72 /* Build configuration list for PBXNativeTarget "RainbowPackageDescription" */;
			buildPhases = (
				OBJ_75 /* Sources */,
			);
			buildRules = (
			);
			dependencies = (
			);
			name = RainbowPackageDescription;
			productName = RainbowPackageDescription;
			productType = "com.apple.product-type.framework";
		};
		"Spectre::Spectre" /* Spectre */ = {
			isa = PBXNativeTarget;
			buildConfigurationList = OBJ_133 /* Build configuration list for PBXNativeTarget "Spectre" */;
			buildPhases = (
				OBJ_136 /* Sources */,
				OBJ_145 /* Frameworks */,
			);
			buildRules = (
			);
			dependencies = (
			);
			name = Spectre;
			productName = Spectre;
			productReference = "Spectre::Spectre::Product" /* Spectre.framework */;
			productType = "com.apple.product-type.framework";
		};
		"Spectre::SwiftPMPackageDescription" /* SpectrePackageDescription */ = {
			isa = PBXNativeTarget;
			buildConfigurationList = OBJ_66 /* Build configuration list for PBXNativeTarget "SpectrePackageDescription" */;
			buildPhases = (
				OBJ_69 /* Sources */,
			);
			buildRules = (
			);
			dependencies = (
			);
			name = SpectrePackageDescription;
			productName = SpectrePackageDescription;
			productType = "com.apple.product-type.framework";
		};
/* End PBXNativeTarget section */

/* Begin PBXProject section */
		OBJ_1 /* Project object */ = {
			isa = PBXProject;
			attributes = {
				LastUpgradeCheck = 9999;
			};
			buildConfigurationList = OBJ_2 /* Build configuration list for PBXProject "AmazingSpider" */;
			compatibilityVersion = "Xcode 3.2";
			developmentRegion = English;
			hasScannedForEncodings = 0;
			knownRegions = (
				en,
			);
			mainGroup = OBJ_5 /*  */;
			productRefGroup = OBJ_46 /* Products */;
			projectDirPath = "";
			projectRoot = "";
			targets = (
				"AmazingSpider::SwiftPMPackageDescription" /* AmazingSpiderPackageDescription */,
				"PathKit::SwiftPMPackageDescription" /* PathKitPackageDescription */,
				"Spectre::SwiftPMPackageDescription" /* SpectrePackageDescription */,
				"Rainbow::SwiftPMPackageDescription" /* RainbowPackageDescription */,
				"CommandLine::SwiftPMPackageDescription" /* CommandLinePackageDescription */,
				"AmazingSpider::AmazingSpider" /* AmazingSpider */,
				"CommandLine::CommandLineKit" /* CommandLineKit */,
				"AmazingSpider::AmazingSpiderKit" /* AmazingSpiderKit */,
				"PathKit::PathKit" /* PathKit */,
				"Spectre::Spectre" /* Spectre */,
				"Rainbow::Rainbow" /* Rainbow */,
				"CommandLine::CommandLine::ProductTarget" /* CommandLine */,
			);
		};
/* End PBXProject section */

/* Begin PBXSourcesBuildPhase section */
		OBJ_108 /* Sources */ = {
			isa = PBXSourcesBuildPhase;
			buildActionMask = 0;
			files = (
				OBJ_109 /* CommandLine.swift in Sources */,
				OBJ_110 /* Option.swift in Sources */,
				OBJ_111 /* StringExtensions.swift in Sources */,
			);
			runOnlyForDeploymentPostprocessing = 0;
		};
		OBJ_116 /* Sources */ = {
			isa = PBXSourcesBuildPhase;
			buildActionMask = 0;
			files = (
				OBJ_117 /* AmazingSpiderKit.swift in Sources */,
				A664C7431F4580A500D1DC22 /* Extensions+PathKit.swift in Sources */,
				A664C73F1F457B7A00D1DC22 /* Extensions+Int.swift in Sources */,
				A664C7411F457DA800D1DC22 /* LocalFileFindProcess.swift in Sources */,
				A664C73A1F45733300D1DC22 /* FileSearchRule.swift in Sources */,
				A664C73D1F45741700D1DC22 /* Extensions+String.swift in Sources */,
				A664C7451F4580D600D1DC22 /* Models.swift in Sources */,
				A664C7471F467CC400D1DC22 /* Extensions+Dictionary.swift in Sources */,
			);
			runOnlyForDeploymentPostprocessing = 0;
		};
		OBJ_128 /* Sources */ = {
			isa = PBXSourcesBuildPhase;
			buildActionMask = 0;
			files = (
				OBJ_129 /* PathKit.swift in Sources */,
			);
			runOnlyForDeploymentPostprocessing = 0;
		};
		OBJ_136 /* Sources */ = {
			isa = PBXSourcesBuildPhase;
			buildActionMask = 0;
			files = (
				OBJ_137 /* Case.swift in Sources */,
				OBJ_138 /* Context.swift in Sources */,
				OBJ_139 /* Expectation.swift in Sources */,
				OBJ_140 /* Failure.swift in Sources */,
				OBJ_141 /* Global.swift in Sources */,
				OBJ_142 /* GlobalContext.swift in Sources */,
				OBJ_143 /* Reporter.swift in Sources */,
				OBJ_144 /* Reporters.swift in Sources */,
			);
			runOnlyForDeploymentPostprocessing = 0;
		};
		OBJ_149 /* Sources */ = {
			isa = PBXSourcesBuildPhase;
			buildActionMask = 0;
			files = (
				OBJ_150 /* BackgroundColor.swift in Sources */,
				OBJ_151 /* CodesParser.swift in Sources */,
				OBJ_152 /* Color.swift in Sources */,
				OBJ_153 /* ControlCode.swift in Sources */,
				OBJ_154 /* ModesExtractor.swift in Sources */,
				OBJ_155 /* OutputTarget.swift in Sources */,
				OBJ_156 /* Rainbow.swift in Sources */,
				OBJ_157 /* String+Rainbow.swift in Sources */,
				OBJ_158 /* StringGenerator.swift in Sources */,
				OBJ_159 /* Style.swift in Sources */,
				OBJ_160 /* XcodeColorsSupport.swift in Sources */,
			);
			runOnlyForDeploymentPostprocessing = 0;
		};
		OBJ_57 /* Sources */ = {
			isa = PBXSourcesBuildPhase;
			buildActionMask = 0;
			files = (
				OBJ_58 /* Package.swift in Sources */,
			);
			runOnlyForDeploymentPostprocessing = 0;
		};
		OBJ_63 /* Sources */ = {
			isa = PBXSourcesBuildPhase;
			buildActionMask = 0;
			files = (
				OBJ_64 /* Package.swift in Sources */,
			);
			runOnlyForDeploymentPostprocessing = 0;
		};
		OBJ_69 /* Sources */ = {
			isa = PBXSourcesBuildPhase;
			buildActionMask = 0;
			files = (
				OBJ_70 /* Package.swift in Sources */,
			);
			runOnlyForDeploymentPostprocessing = 0;
		};
		OBJ_75 /* Sources */ = {
			isa = PBXSourcesBuildPhase;
			buildActionMask = 0;
			files = (
				OBJ_76 /* Package.swift in Sources */,
			);
			runOnlyForDeploymentPostprocessing = 0;
		};
		OBJ_81 /* Sources */ = {
			isa = PBXSourcesBuildPhase;
			buildActionMask = 0;
			files = (
				OBJ_82 /* Package.swift in Sources */,
			);
			runOnlyForDeploymentPostprocessing = 0;
		};
		OBJ_87 /* Sources */ = {
			isa = PBXSourcesBuildPhase;
			buildActionMask = 0;
			files = (
				OBJ_88 /* main.swift in Sources */,
			);
			runOnlyForDeploymentPostprocessing = 0;
		};
/* End PBXSourcesBuildPhase section */

/* Begin PBXTargetDependency section */
		OBJ_101 /* PBXTargetDependency */ = {
			isa = PBXTargetDependency;
			target = "Spectre::Spectre" /* Spectre */;
			targetProxy = A664C7361F456EF400D1DC22 /* PBXContainerItemProxy */;
		};
		OBJ_103 /* PBXTargetDependency */ = {
			isa = PBXTargetDependency;
			target = "Rainbow::Rainbow" /* Rainbow */;
			targetProxy = A664C7371F456EF400D1DC22 /* PBXContainerItemProxy */;
		};
		OBJ_122 /* PBXTargetDependency */ = {
			isa = PBXTargetDependency;
			target = "PathKit::PathKit" /* PathKit */;
			targetProxy = A664C7311F456EF400D1DC22 /* PBXContainerItemProxy */;
		};
		OBJ_123 /* PBXTargetDependency */ = {
			isa = PBXTargetDependency;
			target = "Spectre::Spectre" /* Spectre */;
			targetProxy = A664C7331F456EF400D1DC22 /* PBXContainerItemProxy */;
		};
		OBJ_124 /* PBXTargetDependency */ = {
			isa = PBXTargetDependency;
			target = "Rainbow::Rainbow" /* Rainbow */;
			targetProxy = A664C7341F456EF400D1DC22 /* PBXContainerItemProxy */;
		};
		OBJ_132 /* PBXTargetDependency */ = {
			isa = PBXTargetDependency;
			target = "Spectre::Spectre" /* Spectre */;
			targetProxy = A664C7321F456EF400D1DC22 /* PBXContainerItemProxy */;
		};
		OBJ_166 /* PBXTargetDependency */ = {
			isa = PBXTargetDependency;
			target = "CommandLine::CommandLineKit" /* CommandLineKit */;
			targetProxy = A664C7381F456EF400D1DC22 /* PBXContainerItemProxy */;
		};
		OBJ_95 /* PBXTargetDependency */ = {
			isa = PBXTargetDependency;
			target = "CommandLine::CommandLineKit" /* CommandLineKit */;
			targetProxy = A664C72F1F456EF400D1DC22 /* PBXContainerItemProxy */;
		};
		OBJ_97 /* PBXTargetDependency */ = {
			isa = PBXTargetDependency;
			target = "AmazingSpider::AmazingSpiderKit" /* AmazingSpiderKit */;
			targetProxy = A664C7301F456EF400D1DC22 /* PBXContainerItemProxy */;
		};
		OBJ_99 /* PBXTargetDependency */ = {
			isa = PBXTargetDependency;
			target = "PathKit::PathKit" /* PathKit */;
			targetProxy = A664C7351F456EF400D1DC22 /* PBXContainerItemProxy */;
		};
/* End PBXTargetDependency section */

/* Begin XCBuildConfiguration section */
		OBJ_106 /* Debug */ = {
			isa = XCBuildConfiguration;
			buildSettings = {
				ENABLE_TESTABILITY = YES;
				FRAMEWORK_SEARCH_PATHS = (
					"$(inherited)",
					"$(PLATFORM_DIR)/Developer/Library/Frameworks",
				);
				HEADER_SEARCH_PATHS = "$(inherited)";
				INFOPLIST_FILE = AmazingSpider.xcodeproj/CommandLineKit_Info.plist;
				LD_RUNPATH_SEARCH_PATHS = "$(TOOLCHAIN_DIR)/usr/lib/swift/macosx";
				OTHER_LDFLAGS = "$(inherited)";
				OTHER_SWIFT_FLAGS = "$(inherited)";
				PRODUCT_BUNDLE_IDENTIFIER = CommandLineKit;
				PRODUCT_MODULE_NAME = "$(TARGET_NAME:c99extidentifier)";
				PRODUCT_NAME = "$(TARGET_NAME:c99extidentifier)";
				SKIP_INSTALL = YES;
				SWIFT_VERSION = 3.0;
				TARGET_NAME = CommandLineKit;
			};
			name = Debug;
		};
		OBJ_107 /* Release */ = {
			isa = XCBuildConfiguration;
			buildSettings = {
				ENABLE_TESTABILITY = YES;
				FRAMEWORK_SEARCH_PATHS = (
					"$(inherited)",
					"$(PLATFORM_DIR)/Developer/Library/Frameworks",
				);
				HEADER_SEARCH_PATHS = "$(inherited)";
				INFOPLIST_FILE = AmazingSpider.xcodeproj/CommandLineKit_Info.plist;
				LD_RUNPATH_SEARCH_PATHS = "$(TOOLCHAIN_DIR)/usr/lib/swift/macosx";
				OTHER_LDFLAGS = "$(inherited)";
				OTHER_SWIFT_FLAGS = "$(inherited)";
				PRODUCT_BUNDLE_IDENTIFIER = CommandLineKit;
				PRODUCT_MODULE_NAME = "$(TARGET_NAME:c99extidentifier)";
				PRODUCT_NAME = "$(TARGET_NAME:c99extidentifier)";
				SKIP_INSTALL = YES;
				SWIFT_VERSION = 3.0;
				TARGET_NAME = CommandLineKit;
			};
			name = Release;
		};
		OBJ_114 /* Debug */ = {
			isa = XCBuildConfiguration;
			buildSettings = {
				ENABLE_TESTABILITY = YES;
				FRAMEWORK_SEARCH_PATHS = (
					"$(inherited)",
					"$(PLATFORM_DIR)/Developer/Library/Frameworks",
				);
				HEADER_SEARCH_PATHS = "$(inherited)";
				INFOPLIST_FILE = AmazingSpider.xcodeproj/AmazingSpiderKit_Info.plist;
				LD_RUNPATH_SEARCH_PATHS = "$(TOOLCHAIN_DIR)/usr/lib/swift/macosx";
				OTHER_LDFLAGS = "$(inherited)";
				OTHER_SWIFT_FLAGS = "$(inherited)";
				PRODUCT_BUNDLE_IDENTIFIER = AmazingSpiderKit;
				PRODUCT_MODULE_NAME = "$(TARGET_NAME:c99extidentifier)";
				PRODUCT_NAME = "$(TARGET_NAME:c99extidentifier)";
				SKIP_INSTALL = YES;
				SWIFT_VERSION = 4.0;
				TARGET_NAME = AmazingSpiderKit;
			};
			name = Debug;
		};
		OBJ_115 /* Release */ = {
			isa = XCBuildConfiguration;
			buildSettings = {
				ENABLE_TESTABILITY = YES;
				FRAMEWORK_SEARCH_PATHS = (
					"$(inherited)",
					"$(PLATFORM_DIR)/Developer/Library/Frameworks",
				);
				HEADER_SEARCH_PATHS = "$(inherited)";
				INFOPLIST_FILE = AmazingSpider.xcodeproj/AmazingSpiderKit_Info.plist;
				LD_RUNPATH_SEARCH_PATHS = "$(TOOLCHAIN_DIR)/usr/lib/swift/macosx";
				OTHER_LDFLAGS = "$(inherited)";
				OTHER_SWIFT_FLAGS = "$(inherited)";
				PRODUCT_BUNDLE_IDENTIFIER = AmazingSpiderKit;
				PRODUCT_MODULE_NAME = "$(TARGET_NAME:c99extidentifier)";
				PRODUCT_NAME = "$(TARGET_NAME:c99extidentifier)";
				SKIP_INSTALL = YES;
				SWIFT_VERSION = 4.0;
				TARGET_NAME = AmazingSpiderKit;
			};
			name = Release;
		};
		OBJ_126 /* Debug */ = {
			isa = XCBuildConfiguration;
			buildSettings = {
				ENABLE_TESTABILITY = YES;
				FRAMEWORK_SEARCH_PATHS = (
					"$(inherited)",
					"$(PLATFORM_DIR)/Developer/Library/Frameworks",
				);
				HEADER_SEARCH_PATHS = "$(inherited)";
				INFOPLIST_FILE = AmazingSpider.xcodeproj/PathKit_Info.plist;
				LD_RUNPATH_SEARCH_PATHS = "$(TOOLCHAIN_DIR)/usr/lib/swift/macosx";
				OTHER_LDFLAGS = "$(inherited)";
				OTHER_SWIFT_FLAGS = "$(inherited)";
				PRODUCT_BUNDLE_IDENTIFIER = PathKit;
				PRODUCT_MODULE_NAME = "$(TARGET_NAME:c99extidentifier)";
				PRODUCT_NAME = "$(TARGET_NAME:c99extidentifier)";
				SKIP_INSTALL = YES;
				SWIFT_VERSION = 3.0;
				TARGET_NAME = PathKit;
			};
			name = Debug;
		};
		OBJ_127 /* Release */ = {
			isa = XCBuildConfiguration;
			buildSettings = {
				ENABLE_TESTABILITY = YES;
				FRAMEWORK_SEARCH_PATHS = (
					"$(inherited)",
					"$(PLATFORM_DIR)/Developer/Library/Frameworks",
				);
				HEADER_SEARCH_PATHS = "$(inherited)";
				INFOPLIST_FILE = AmazingSpider.xcodeproj/PathKit_Info.plist;
				LD_RUNPATH_SEARCH_PATHS = "$(TOOLCHAIN_DIR)/usr/lib/swift/macosx";
				OTHER_LDFLAGS = "$(inherited)";
				OTHER_SWIFT_FLAGS = "$(inherited)";
				PRODUCT_BUNDLE_IDENTIFIER = PathKit;
				PRODUCT_MODULE_NAME = "$(TARGET_NAME:c99extidentifier)";
				PRODUCT_NAME = "$(TARGET_NAME:c99extidentifier)";
				SKIP_INSTALL = YES;
				SWIFT_VERSION = 3.0;
				TARGET_NAME = PathKit;
			};
			name = Release;
		};
		OBJ_134 /* Debug */ = {
			isa = XCBuildConfiguration;
			buildSettings = {
				ENABLE_TESTABILITY = YES;
				FRAMEWORK_SEARCH_PATHS = (
					"$(inherited)",
					"$(PLATFORM_DIR)/Developer/Library/Frameworks",
				);
				HEADER_SEARCH_PATHS = "$(inherited)";
				INFOPLIST_FILE = AmazingSpider.xcodeproj/Spectre_Info.plist;
				LD_RUNPATH_SEARCH_PATHS = "$(TOOLCHAIN_DIR)/usr/lib/swift/macosx";
				OTHER_LDFLAGS = "$(inherited)";
				OTHER_SWIFT_FLAGS = "$(inherited)";
				PRODUCT_BUNDLE_IDENTIFIER = Spectre;
				PRODUCT_MODULE_NAME = "$(TARGET_NAME:c99extidentifier)";
				PRODUCT_NAME = "$(TARGET_NAME:c99extidentifier)";
				SKIP_INSTALL = YES;
				SWIFT_VERSION = 3.0;
				TARGET_NAME = Spectre;
			};
			name = Debug;
		};
		OBJ_135 /* Release */ = {
			isa = XCBuildConfiguration;
			buildSettings = {
				ENABLE_TESTABILITY = YES;
				FRAMEWORK_SEARCH_PATHS = (
					"$(inherited)",
					"$(PLATFORM_DIR)/Developer/Library/Frameworks",
				);
				HEADER_SEARCH_PATHS = "$(inherited)";
				INFOPLIST_FILE = AmazingSpider.xcodeproj/Spectre_Info.plist;
				LD_RUNPATH_SEARCH_PATHS = "$(TOOLCHAIN_DIR)/usr/lib/swift/macosx";
				OTHER_LDFLAGS = "$(inherited)";
				OTHER_SWIFT_FLAGS = "$(inherited)";
				PRODUCT_BUNDLE_IDENTIFIER = Spectre;
				PRODUCT_MODULE_NAME = "$(TARGET_NAME:c99extidentifier)";
				PRODUCT_NAME = "$(TARGET_NAME:c99extidentifier)";
				SKIP_INSTALL = YES;
				SWIFT_VERSION = 3.0;
				TARGET_NAME = Spectre;
			};
			name = Release;
		};
		OBJ_147 /* Debug */ = {
			isa = XCBuildConfiguration;
			buildSettings = {
				ENABLE_TESTABILITY = YES;
				FRAMEWORK_SEARCH_PATHS = (
					"$(inherited)",
					"$(PLATFORM_DIR)/Developer/Library/Frameworks",
				);
				HEADER_SEARCH_PATHS = "$(inherited)";
				INFOPLIST_FILE = AmazingSpider.xcodeproj/Rainbow_Info.plist;
				LD_RUNPATH_SEARCH_PATHS = "$(TOOLCHAIN_DIR)/usr/lib/swift/macosx";
				OTHER_LDFLAGS = "$(inherited)";
				OTHER_SWIFT_FLAGS = "$(inherited)";
				PRODUCT_BUNDLE_IDENTIFIER = Rainbow;
				PRODUCT_MODULE_NAME = "$(TARGET_NAME:c99extidentifier)";
				PRODUCT_NAME = "$(TARGET_NAME:c99extidentifier)";
				SKIP_INSTALL = YES;
				SWIFT_VERSION = 3.0;
				TARGET_NAME = Rainbow;
			};
			name = Debug;
		};
		OBJ_148 /* Release */ = {
			isa = XCBuildConfiguration;
			buildSettings = {
				ENABLE_TESTABILITY = YES;
				FRAMEWORK_SEARCH_PATHS = (
					"$(inherited)",
					"$(PLATFORM_DIR)/Developer/Library/Frameworks",
				);
				HEADER_SEARCH_PATHS = "$(inherited)";
				INFOPLIST_FILE = AmazingSpider.xcodeproj/Rainbow_Info.plist;
				LD_RUNPATH_SEARCH_PATHS = "$(TOOLCHAIN_DIR)/usr/lib/swift/macosx";
				OTHER_LDFLAGS = "$(inherited)";
				OTHER_SWIFT_FLAGS = "$(inherited)";
				PRODUCT_BUNDLE_IDENTIFIER = Rainbow;
				PRODUCT_MODULE_NAME = "$(TARGET_NAME:c99extidentifier)";
				PRODUCT_NAME = "$(TARGET_NAME:c99extidentifier)";
				SKIP_INSTALL = YES;
				SWIFT_VERSION = 3.0;
				TARGET_NAME = Rainbow;
			};
			name = Release;
		};
		OBJ_164 /* Debug */ = {
			isa = XCBuildConfiguration;
			buildSettings = {
			};
			name = Debug;
		};
		OBJ_165 /* Release */ = {
			isa = XCBuildConfiguration;
			buildSettings = {
			};
			name = Release;
		};
		OBJ_3 /* Debug */ = {
			isa = XCBuildConfiguration;
			buildSettings = {
				CLANG_ENABLE_OBJC_ARC = YES;
				COMBINE_HIDPI_IMAGES = YES;
				COPY_PHASE_STRIP = NO;
				DEBUG_INFORMATION_FORMAT = dwarf;
				DYLIB_INSTALL_NAME_BASE = "@rpath";
				ENABLE_NS_ASSERTIONS = YES;
				GCC_OPTIMIZATION_LEVEL = 0;
				MACOSX_DEPLOYMENT_TARGET = 10.10;
				ONLY_ACTIVE_ARCH = YES;
				OTHER_SWIFT_FLAGS = "-DXcode";
				PRODUCT_NAME = "$(TARGET_NAME)";
				SDKROOT = macosx;
				SUPPORTED_PLATFORMS = "macosx iphoneos iphonesimulator appletvos appletvsimulator watchos watchsimulator";
				SWIFT_ACTIVE_COMPILATION_CONDITIONS = SWIFT_PACKAGE;
				SWIFT_OPTIMIZATION_LEVEL = "-Onone";
				USE_HEADERMAP = NO;
			};
			name = Debug;
		};
		OBJ_4 /* Release */ = {
			isa = XCBuildConfiguration;
			buildSettings = {
				CLANG_ENABLE_OBJC_ARC = YES;
				COMBINE_HIDPI_IMAGES = YES;
				COPY_PHASE_STRIP = YES;
				DEBUG_INFORMATION_FORMAT = "dwarf-with-dsym";
				DYLIB_INSTALL_NAME_BASE = "@rpath";
				GCC_OPTIMIZATION_LEVEL = s;
				MACOSX_DEPLOYMENT_TARGET = 10.10;
				OTHER_SWIFT_FLAGS = "-DXcode";
				PRODUCT_NAME = "$(TARGET_NAME)";
				SDKROOT = macosx;
				SUPPORTED_PLATFORMS = "macosx iphoneos iphonesimulator appletvos appletvsimulator watchos watchsimulator";
				SWIFT_ACTIVE_COMPILATION_CONDITIONS = SWIFT_PACKAGE;
				SWIFT_OPTIMIZATION_LEVEL = "-Owholemodule";
				USE_HEADERMAP = NO;
			};
			name = Release;
		};
		OBJ_55 /* Debug */ = {
			isa = XCBuildConfiguration;
			buildSettings = {
				LD = /usr/bin/true;
				OTHER_SWIFT_FLAGS = "-swift-version 4 -I /Applications/Xcode-beta.app/Contents/Developer/Toolchains/XcodeDefault.xctoolchain/usr/lib/swift/pm/4 -target x86_64-apple-macosx10.10 -sdk /Applications/Xcode-beta.app/Contents/Developer/Platforms/MacOSX.platform/Developer/SDKs/MacOSX10.13.sdk";
				SWIFT_VERSION = 4.0;
			};
			name = Debug;
		};
		OBJ_56 /* Release */ = {
			isa = XCBuildConfiguration;
			buildSettings = {
				LD = /usr/bin/true;
				OTHER_SWIFT_FLAGS = "-swift-version 4 -I /Applications/Xcode-beta.app/Contents/Developer/Toolchains/XcodeDefault.xctoolchain/usr/lib/swift/pm/4 -target x86_64-apple-macosx10.10 -sdk /Applications/Xcode-beta.app/Contents/Developer/Platforms/MacOSX.platform/Developer/SDKs/MacOSX10.13.sdk";
				SWIFT_VERSION = 4.0;
			};
			name = Release;
		};
		OBJ_61 /* Debug */ = {
			isa = XCBuildConfiguration;
			buildSettings = {
				LD = /usr/bin/true;
				OTHER_SWIFT_FLAGS = "-swift-version 3 -I /Applications/Xcode-beta.app/Contents/Developer/Toolchains/XcodeDefault.xctoolchain/usr/lib/swift/pm/3 -target x86_64-apple-macosx10.10 -sdk /Applications/Xcode-beta.app/Contents/Developer/Platforms/MacOSX.platform/Developer/SDKs/MacOSX10.13.sdk";
				SWIFT_VERSION = 3.0;
			};
			name = Debug;
		};
		OBJ_62 /* Release */ = {
			isa = XCBuildConfiguration;
			buildSettings = {
				LD = /usr/bin/true;
				OTHER_SWIFT_FLAGS = "-swift-version 3 -I /Applications/Xcode-beta.app/Contents/Developer/Toolchains/XcodeDefault.xctoolchain/usr/lib/swift/pm/3 -target x86_64-apple-macosx10.10 -sdk /Applications/Xcode-beta.app/Contents/Developer/Platforms/MacOSX.platform/Developer/SDKs/MacOSX10.13.sdk";
				SWIFT_VERSION = 3.0;
			};
			name = Release;
		};
		OBJ_67 /* Debug */ = {
			isa = XCBuildConfiguration;
			buildSettings = {
				LD = /usr/bin/true;
				OTHER_SWIFT_FLAGS = "-swift-version 3 -I /Applications/Xcode-beta.app/Contents/Developer/Toolchains/XcodeDefault.xctoolchain/usr/lib/swift/pm/3 -target x86_64-apple-macosx10.10 -sdk /Applications/Xcode-beta.app/Contents/Developer/Platforms/MacOSX.platform/Developer/SDKs/MacOSX10.13.sdk";
				SWIFT_VERSION = 3.0;
			};
			name = Debug;
		};
		OBJ_68 /* Release */ = {
			isa = XCBuildConfiguration;
			buildSettings = {
				LD = /usr/bin/true;
				OTHER_SWIFT_FLAGS = "-swift-version 3 -I /Applications/Xcode-beta.app/Contents/Developer/Toolchains/XcodeDefault.xctoolchain/usr/lib/swift/pm/3 -target x86_64-apple-macosx10.10 -sdk /Applications/Xcode-beta.app/Contents/Developer/Platforms/MacOSX.platform/Developer/SDKs/MacOSX10.13.sdk";
				SWIFT_VERSION = 3.0;
			};
			name = Release;
		};
		OBJ_73 /* Debug */ = {
			isa = XCBuildConfiguration;
			buildSettings = {
				LD = /usr/bin/true;
				OTHER_SWIFT_FLAGS = "-swift-version 3 -I /Applications/Xcode-beta.app/Contents/Developer/Toolchains/XcodeDefault.xctoolchain/usr/lib/swift/pm/3 -target x86_64-apple-macosx10.10 -sdk /Applications/Xcode-beta.app/Contents/Developer/Platforms/MacOSX.platform/Developer/SDKs/MacOSX10.13.sdk";
				SWIFT_VERSION = 3.0;
			};
			name = Debug;
		};
		OBJ_74 /* Release */ = {
			isa = XCBuildConfiguration;
			buildSettings = {
				LD = /usr/bin/true;
				OTHER_SWIFT_FLAGS = "-swift-version 3 -I /Applications/Xcode-beta.app/Contents/Developer/Toolchains/XcodeDefault.xctoolchain/usr/lib/swift/pm/3 -target x86_64-apple-macosx10.10 -sdk /Applications/Xcode-beta.app/Contents/Developer/Platforms/MacOSX.platform/Developer/SDKs/MacOSX10.13.sdk";
				SWIFT_VERSION = 3.0;
			};
			name = Release;
		};
		OBJ_79 /* Debug */ = {
			isa = XCBuildConfiguration;
			buildSettings = {
				LD = /usr/bin/true;
				OTHER_SWIFT_FLAGS = "-swift-version 3 -I /Applications/Xcode-beta.app/Contents/Developer/Toolchains/XcodeDefault.xctoolchain/usr/lib/swift/pm/3 -target x86_64-apple-macosx10.10 -sdk /Applications/Xcode-beta.app/Contents/Developer/Platforms/MacOSX.platform/Developer/SDKs/MacOSX10.13.sdk";
				SWIFT_VERSION = 3.0;
			};
			name = Debug;
		};
		OBJ_80 /* Release */ = {
			isa = XCBuildConfiguration;
			buildSettings = {
				LD = /usr/bin/true;
				OTHER_SWIFT_FLAGS = "-swift-version 3 -I /Applications/Xcode-beta.app/Contents/Developer/Toolchains/XcodeDefault.xctoolchain/usr/lib/swift/pm/3 -target x86_64-apple-macosx10.10 -sdk /Applications/Xcode-beta.app/Contents/Developer/Platforms/MacOSX.platform/Developer/SDKs/MacOSX10.13.sdk";
				SWIFT_VERSION = 3.0;
			};
			name = Release;
		};
		OBJ_85 /* Debug */ = {
			isa = XCBuildConfiguration;
			buildSettings = {
				FRAMEWORK_SEARCH_PATHS = (
					"$(inherited)",
					"$(PLATFORM_DIR)/Developer/Library/Frameworks",
				);
				HEADER_SEARCH_PATHS = "$(inherited)";
				INFOPLIST_FILE = AmazingSpider.xcodeproj/AmazingSpider_Info.plist;
				LD_RUNPATH_SEARCH_PATHS = "$(TOOLCHAIN_DIR)/usr/lib/swift/macosx @executable_path";
				OTHER_LDFLAGS = "$(inherited)";
				OTHER_SWIFT_FLAGS = "$(inherited)";
				SWIFT_FORCE_DYNAMIC_LINK_STDLIB = YES;
				SWIFT_FORCE_STATIC_LINK_STDLIB = NO;
				SWIFT_VERSION = 4.0;
				TARGET_NAME = AmazingSpider;
			};
			name = Debug;
		};
		OBJ_86 /* Release */ = {
			isa = XCBuildConfiguration;
			buildSettings = {
				FRAMEWORK_SEARCH_PATHS = (
					"$(inherited)",
					"$(PLATFORM_DIR)/Developer/Library/Frameworks",
				);
				HEADER_SEARCH_PATHS = "$(inherited)";
				INFOPLIST_FILE = AmazingSpider.xcodeproj/AmazingSpider_Info.plist;
				LD_RUNPATH_SEARCH_PATHS = "$(TOOLCHAIN_DIR)/usr/lib/swift/macosx @executable_path";
				OTHER_LDFLAGS = "$(inherited)";
				OTHER_SWIFT_FLAGS = "$(inherited)";
				SWIFT_FORCE_DYNAMIC_LINK_STDLIB = YES;
				SWIFT_FORCE_STATIC_LINK_STDLIB = NO;
				SWIFT_VERSION = 4.0;
				TARGET_NAME = AmazingSpider;
			};
			name = Release;
		};
/* End XCBuildConfiguration section */

/* Begin XCConfigurationList section */
		OBJ_105 /* Build configuration list for PBXNativeTarget "CommandLineKit" */ = {
			isa = XCConfigurationList;
			buildConfigurations = (
				OBJ_106 /* Debug */,
				OBJ_107 /* Release */,
			);
			defaultConfigurationIsVisible = 0;
			defaultConfigurationName = Debug;
		};
		OBJ_113 /* Build configuration list for PBXNativeTarget "AmazingSpiderKit" */ = {
			isa = XCConfigurationList;
			buildConfigurations = (
				OBJ_114 /* Debug */,
				OBJ_115 /* Release */,
			);
			defaultConfigurationIsVisible = 0;
			defaultConfigurationName = Debug;
		};
		OBJ_125 /* Build configuration list for PBXNativeTarget "PathKit" */ = {
			isa = XCConfigurationList;
			buildConfigurations = (
				OBJ_126 /* Debug */,
				OBJ_127 /* Release */,
			);
			defaultConfigurationIsVisible = 0;
			defaultConfigurationName = Debug;
		};
		OBJ_133 /* Build configuration list for PBXNativeTarget "Spectre" */ = {
			isa = XCConfigurationList;
			buildConfigurations = (
				OBJ_134 /* Debug */,
				OBJ_135 /* Release */,
			);
			defaultConfigurationIsVisible = 0;
			defaultConfigurationName = Debug;
		};
		OBJ_146 /* Build configuration list for PBXNativeTarget "Rainbow" */ = {
			isa = XCConfigurationList;
			buildConfigurations = (
				OBJ_147 /* Debug */,
				OBJ_148 /* Release */,
			);
			defaultConfigurationIsVisible = 0;
			defaultConfigurationName = Debug;
		};
		OBJ_163 /* Build configuration list for PBXAggregateTarget "CommandLine" */ = {
			isa = XCConfigurationList;
			buildConfigurations = (
				OBJ_164 /* Debug */,
				OBJ_165 /* Release */,
			);
			defaultConfigurationIsVisible = 0;
			defaultConfigurationName = Debug;
		};
		OBJ_2 /* Build configuration list for PBXProject "AmazingSpider" */ = {
			isa = XCConfigurationList;
			buildConfigurations = (
				OBJ_3 /* Debug */,
				OBJ_4 /* Release */,
			);
			defaultConfigurationIsVisible = 0;
			defaultConfigurationName = Debug;
		};
		OBJ_54 /* Build configuration list for PBXNativeTarget "AmazingSpiderPackageDescription" */ = {
			isa = XCConfigurationList;
			buildConfigurations = (
				OBJ_55 /* Debug */,
				OBJ_56 /* Release */,
			);
			defaultConfigurationIsVisible = 0;
			defaultConfigurationName = Debug;
		};
		OBJ_60 /* Build configuration list for PBXNativeTarget "PathKitPackageDescription" */ = {
			isa = XCConfigurationList;
			buildConfigurations = (
				OBJ_61 /* Debug */,
				OBJ_62 /* Release */,
			);
			defaultConfigurationIsVisible = 0;
			defaultConfigurationName = Debug;
		};
		OBJ_66 /* Build configuration list for PBXNativeTarget "SpectrePackageDescription" */ = {
			isa = XCConfigurationList;
			buildConfigurations = (
				OBJ_67 /* Debug */,
				OBJ_68 /* Release */,
			);
			defaultConfigurationIsVisible = 0;
			defaultConfigurationName = Debug;
		};
		OBJ_72 /* Build configuration list for PBXNativeTarget "RainbowPackageDescription" */ = {
			isa = XCConfigurationList;
			buildConfigurations = (
				OBJ_73 /* Debug */,
				OBJ_74 /* Release */,
			);
			defaultConfigurationIsVisible = 0;
			defaultConfigurationName = Debug;
		};
		OBJ_78 /* Build configuration list for PBXNativeTarget "CommandLinePackageDescription" */ = {
			isa = XCConfigurationList;
			buildConfigurations = (
				OBJ_79 /* Debug */,
				OBJ_80 /* Release */,
			);
			defaultConfigurationIsVisible = 0;
			defaultConfigurationName = Debug;
		};
		OBJ_84 /* Build configuration list for PBXNativeTarget "AmazingSpider" */ = {
			isa = XCConfigurationList;
			buildConfigurations = (
				OBJ_85 /* Debug */,
				OBJ_86 /* Release */,
			);
			defaultConfigurationIsVisible = 0;
			defaultConfigurationName = Debug;
		};
/* End XCConfigurationList section */
	};
	rootObject = OBJ_1 /* Project object */;
}
